
Microsoft Visual Studio Solution File, Format Version 12.00
# Visual Studio Version 16
VisualStudioVersion = 16.0.29613.14
MinimumVisualStudioVersion = 10.0.40219.1
Project("{FAE04EC0-301F-11D3-BF4B-00C04F79EFBC}") = "WindowsFormsApp2", "WindowsFormsApp2\WindowsFormsApp2.csproj", "{553A76E6-E663-44E8-898E-890EA96F4230}"
EndProject
Global
	GlobalSection(SolutionConfigurationPlatforms) = preSolution
		Debug|Any CPU = Debug|Any CPU
		Release|Any CPU = Release|Any CPU
	EndGlobalSection
	GlobalSection(ProjectConfigurationPlatforms) = postSolution
		{553A76E6-E663-44E8-898E-890EA96F4230}.Debug|Any CPU.ActiveCfg = Debug|Any CPU
		{553A76E6-E663-44E8-898E-890EA96F4230}.Debug|Any CPU.Build.0 = Debug|Any CPU
		{553A76E6-E663-44E8-898E-890EA96F4230}.Release|Any CPU.ActiveCfg = Release|Any CPU
		{553A76E6-E663-44E8-898E-890EA96F4230}.Release|Any CPU.Build.0 = Release|Any CPU
	EndGlobalSection
	GlobalSection(SolutionProperties) = preSolution
		HideSolutionNode = FALSE
	EndGlobalSection
	GlobalSection(ExtensibilityGlobals) = postSolution
		SolutionGuid = {D8D6D81B-DEC1-4974-9E4E-948D1FFEE066}
	EndGlobalSection
EndGlobal
